// !$*UTF8*$!
{
	archiveVersion = 1;
	classes = {
	};
	objectVersion = 46;
	objects = {

/* Begin PBXBuildFile section */
		600647DA1BAE0A0E00101295 /* Coffee.plist in Resources */ = {isa = PBXBuildFile; fileRef = 600647D91BAE0A0E00101295 /* Coffee.plist */; };
		600647DC1BAE0A1B00101295 /* Milk.plist in Resources */ = {isa = PBXBuildFile; fileRef = 600647DB1BAE0A1B00101295 /* Milk.plist */; };
		600647DE1BAE0A2700101295 /* Sugar.plist in Resources */ = {isa = PBXBuildFile; fileRef = 600647DD1BAE0A2700101295 /* Sugar.plist */; };
		600647E01BAE0A3D00101295 /* Size.plist in Resources */ = {isa = PBXBuildFile; fileRef = 600647DF1BAE0A3D00101295 /* Size.plist */; };
		600D1C381BE7C47C00DC9500 /* UICaffeineInputButtonView.swift in Sources */ = {isa = PBXBuildFile; fileRef = 600D1C371BE7C47C00DC9500 /* UICaffeineInputButtonView.swift */; };
		601336D11BF389E6006A67D3 /* UICaffeineStatisticsTimeSelectorView.swift in Sources */ = {isa = PBXBuildFile; fileRef = 601336D01BF389E6006A67D3 /* UICaffeineStatisticsTimeSelectorView.swift */; };
		601EB15A1C00CF9A00F56A2A /* UICaffeineConsumptionRecentButton.swift in Sources */ = {isa = PBXBuildFile; fileRef = 601EB1591C00CF9A00F56A2A /* UICaffeineConsumptionRecentButton.swift */; };
		601FAA291BAC52D200553555 /* InputViewController.swift in Sources */ = {isa = PBXBuildFile; fileRef = 601FAA271BAC52D200553555 /* InputViewController.swift */; };
		601FAA2A1BAC52D200553555 /* ConsumptionViewController.swift in Sources */ = {isa = PBXBuildFile; fileRef = 601FAA281BAC52D200553555 /* ConsumptionViewController.swift */; };
		601FAA2C1BAC52E300553555 /* AppDelegate.swift in Sources */ = {isa = PBXBuildFile; fileRef = 601FAA2B1BAC52E300553555 /* AppDelegate.swift */; };
		6025626324BEF31600EF6054 /* Matchfile in Resources */ = {isa = PBXBuildFile; fileRef = 6025626224BEF31600EF6054 /* Matchfile */; };
		602E64E51BAC3C6C00E25D52 /* HealthKit.framework in Frameworks */ = {isa = PBXBuildFile; fileRef = 602E64E41BAC3C6C00E25D52 /* HealthKit.framework */; };
		603DEE0424AB7C640079A79C /* HealthStoreService.swift in Sources */ = {isa = PBXBuildFile; fileRef = 603DEE0324AB7C640079A79C /* HealthStoreService.swift */; };
		603DEE0D24AB87030079A79C /* UserSettings.swift in Sources */ = {isa = PBXBuildFile; fileRef = 603DEE0C24AB87030079A79C /* UserSettings.swift */; };
		6043D1B224BEDD07002608EB /* Podfile in Resources */ = {isa = PBXBuildFile; fileRef = 6043D1B124BEDD07002608EB /* Podfile */; };
		6043D1BF24BEDDA3002608EB /* CaffeineTests.swift in Sources */ = {isa = PBXBuildFile; fileRef = 6043D1BE24BEDDA3002608EB /* CaffeineTests.swift */; };
		6043D1CF24BEDF37002608EB /* Localizable.strings in Resources */ = {isa = PBXBuildFile; fileRef = 6043D1CB24BEDF37002608EB /* Localizable.strings */; };
		6043D1D324BEDFAD002608EB /* LaunchScreen.storyboard in Resources */ = {isa = PBXBuildFile; fileRef = 6043D1D124BEDFAD002608EB /* LaunchScreen.storyboard */; };
		6043D1D424BEDFAD002608EB /* Main.storyboard in Resources */ = {isa = PBXBuildFile; fileRef = 6043D1D224BEDFAD002608EB /* Main.storyboard */; };
		6043D1D724BEE000002608EB /* Assets.xcassets in Resources */ = {isa = PBXBuildFile; fileRef = 6043D1D624BEE000002608EB /* Assets.xcassets */; };
		6043D1DD24BEE03A002608EB /* Strings.swift in Sources */ = {isa = PBXBuildFile; fileRef = 6043D1D924BEE03A002608EB /* Strings.swift */; };
		6043D1DE24BEE03A002608EB /* Assets.swift in Sources */ = {isa = PBXBuildFile; fileRef = 6043D1DA24BEE03A002608EB /* Assets.swift */; };
		6043D1DF24BEE03A002608EB /* Scenes.swift in Sources */ = {isa = PBXBuildFile; fileRef = 6043D1DB24BEE03A002608EB /* Scenes.swift */; };
		6043D1E024BEE03A002608EB /* Segues.swift in Sources */ = {isa = PBXBuildFile; fileRef = 6043D1DC24BEE03A002608EB /* Segues.swift */; };
		60481E1624AB71D8008DE168 /* CaffeineColors.swift in Sources */ = {isa = PBXBuildFile; fileRef = 60481E1524AB71D8008DE168 /* CaffeineColors.swift */; };
		60481E1924AB76C8008DE168 /* Consumable.swift in Sources */ = {isa = PBXBuildFile; fileRef = 60481E1824AB76C8008DE168 /* Consumable.swift */; };
		60481E1B24AB7860008DE168 /* ConsumableProperties.swift in Sources */ = {isa = PBXBuildFile; fileRef = 60481E1A24AB7860008DE168 /* ConsumableProperties.swift */; };
		60496F2B1BD011CA00A72757 /* UISliderPopupView.swift in Sources */ = {isa = PBXBuildFile; fileRef = 60496F2A1BD011CA00A72757 /* UISliderPopupView.swift */; };
		60496F2D1BD015CE00A72757 /* UICaffeineSlider.swift in Sources */ = {isa = PBXBuildFile; fileRef = 60496F2C1BD015CE00A72757 /* UICaffeineSlider.swift */; };
		6062DFF11BDAA05E003EF136 /* UICaffeineInputButton.swift in Sources */ = {isa = PBXBuildFile; fileRef = 6062DFF01BDAA05E003EF136 /* UICaffeineInputButton.swift */; };
		60BE64AE24AF620D000F26C4 /* CaffeineUITests.swift in Sources */ = {isa = PBXBuildFile; fileRef = 60BE64AD24AF620D000F26C4 /* CaffeineUITests.swift */; };
		60BE64B624AF634E000F26C4 /* SnapshotHelper.swift in Sources */ = {isa = PBXBuildFile; fileRef = 60BE64B524AF634E000F26C4 /* SnapshotHelper.swift */; };
		60CA813D24AC6D8200DDED35 /* PeriodicConsumption.swift in Sources */ = {isa = PBXBuildFile; fileRef = 60CA813C24AC6D8200DDED35 /* PeriodicConsumption.swift */; };
		60CA813F24AC781100DDED35 /* CaffeineDataService.swift in Sources */ = {isa = PBXBuildFile; fileRef = 60CA813E24AC781100DDED35 /* CaffeineDataService.swift */; };
		60CA814124ADC04800DDED35 /* DrinksService.swift in Sources */ = {isa = PBXBuildFile; fileRef = 60CA814024ADC04800DDED35 /* DrinksService.swift */; };
		60CA814624ADC39D00DDED35 /* Consumption.xcdatamodeld in Sources */ = {isa = PBXBuildFile; fileRef = 60CA814424ADC39D00DDED35 /* Consumption.xcdatamodeld */; };
		60CA814824ADC45500DDED35 /* PersistenceService.swift in Sources */ = {isa = PBXBuildFile; fileRef = 60CA814724ADC45500DDED35 /* PersistenceService.swift */; };
		60CA814A24ADC48B00DDED35 /* DatastoreProvider.swift in Sources */ = {isa = PBXBuildFile; fileRef = 60CA814924ADC48B00DDED35 /* DatastoreProvider.swift */; };
		60CA814C24ADC4A700DDED35 /* ContextProvider.swift in Sources */ = {isa = PBXBuildFile; fileRef = 60CA814B24ADC4A700DDED35 /* ContextProvider.swift */; };
		60CA814E24ADC57500DDED35 /* ConsumptionStore.swift in Sources */ = {isa = PBXBuildFile; fileRef = 60CA814D24ADC57500DDED35 /* ConsumptionStore.swift */; };
		60CA815024ADC59B00DDED35 /* ConsumptionDataProvider.swift in Sources */ = {isa = PBXBuildFile; fileRef = 60CA814F24ADC59B00DDED35 /* ConsumptionDataProvider.swift */; };
		60D3BAF41BC12CC100CAC7DE /* StatisticsViewController.swift in Sources */ = {isa = PBXBuildFile; fileRef = 60D3BAF31BC12CC100CAC7DE /* StatisticsViewController.swift */; };
		60D3BAF61BC12D2000CAC7DE /* SettingsViewController.swift in Sources */ = {isa = PBXBuildFile; fileRef = 60D3BAF51BC12D2000CAC7DE /* SettingsViewController.swift */; };
		60E76D2B1BEA183300670CEA /* UICaffeineInputOKButton.swift in Sources */ = {isa = PBXBuildFile; fileRef = 60E76D2A1BEA183300670CEA /* UICaffeineInputOKButton.swift */; };
		60E76D2D1BEB608800670CEA /* UICaffeineStatisticsChartView.swift in Sources */ = {isa = PBXBuildFile; fileRef = 60E76D2C1BEB608800670CEA /* UICaffeineStatisticsChartView.swift */; };
		95B669E5BD1E01661467093F /* Pods_caffeine.framework in Frameworks */ = {isa = PBXBuildFile; fileRef = AC0D4BC68B85877491EC9915 /* Pods_caffeine.framework */; };
/* End PBXBuildFile section */

/* Begin PBXContainerItemProxy section */
		6043D1C124BEDDA3002608EB /* PBXContainerItemProxy */ = {
			isa = PBXContainerItemProxy;
			containerPortal = 602E649F1BAC1BDF00E25D52 /* Project object */;
			proxyType = 1;
			remoteGlobalIDString = 602E64A61BAC1BDF00E25D52;
			remoteInfo = caffeine;
		};
		60BE64B024AF620D000F26C4 /* PBXContainerItemProxy */ = {
			isa = PBXContainerItemProxy;
			containerPortal = 602E649F1BAC1BDF00E25D52 /* Project object */;
			proxyType = 1;
			remoteGlobalIDString = 602E64A61BAC1BDF00E25D52;
			remoteInfo = caffeine;
		};
/* End PBXContainerItemProxy section */

/* Begin PBXFileReference section */
		41D1ABB40FE4971EAEC727F3 /* Pods-caffeineUITests.release.xcconfig */ = {isa = PBXFileReference; includeInIndex = 1; lastKnownFileType = text.xcconfig; name = "Pods-caffeineUITests.release.xcconfig"; path = "Pods/Target Support Files/Pods-caffeineUITests/Pods-caffeineUITests.release.xcconfig"; sourceTree = "<group>"; };
		59916642B9BECC76E54897AF /* Pods-caffeineUITests.debug.xcconfig */ = {isa = PBXFileReference; includeInIndex = 1; lastKnownFileType = text.xcconfig; name = "Pods-caffeineUITests.debug.xcconfig"; path = "Pods/Target Support Files/Pods-caffeineUITests/Pods-caffeineUITests.debug.xcconfig"; sourceTree = "<group>"; };
		600647D91BAE0A0E00101295 /* Coffee.plist */ = {isa = PBXFileReference; fileEncoding = 4; lastKnownFileType = text.plist.xml; name = Coffee.plist; path = "Supporting Files/Consumption/Coffee.plist"; sourceTree = "<group>"; };
		600647DB1BAE0A1B00101295 /* Milk.plist */ = {isa = PBXFileReference; fileEncoding = 4; lastKnownFileType = text.plist.xml; name = Milk.plist; path = "Supporting Files/Consumption/Milk.plist"; sourceTree = "<group>"; };
		600647DD1BAE0A2700101295 /* Sugar.plist */ = {isa = PBXFileReference; fileEncoding = 4; lastKnownFileType = text.plist.xml; name = Sugar.plist; path = "Supporting Files/Consumption/Sugar.plist"; sourceTree = "<group>"; };
		600647DF1BAE0A3D00101295 /* Size.plist */ = {isa = PBXFileReference; fileEncoding = 4; lastKnownFileType = text.plist.xml; name = Size.plist; path = "Supporting Files/Consumption/Size.plist"; sourceTree = "<group>"; };
		600D1C371BE7C47C00DC9500 /* UICaffeineInputButtonView.swift */ = {isa = PBXFileReference; fileEncoding = 4; lastKnownFileType = sourcecode.swift; name = UICaffeineInputButtonView.swift; path = View/UICaffeineInputButtonView.swift; sourceTree = "<group>"; };
		601336D01BF389E6006A67D3 /* UICaffeineStatisticsTimeSelectorView.swift */ = {isa = PBXFileReference; fileEncoding = 4; lastKnownFileType = sourcecode.swift; name = UICaffeineStatisticsTimeSelectorView.swift; path = View/UICaffeineStatisticsTimeSelectorView.swift; sourceTree = "<group>"; };
		601EB1591C00CF9A00F56A2A /* UICaffeineConsumptionRecentButton.swift */ = {isa = PBXFileReference; fileEncoding = 4; lastKnownFileType = sourcecode.swift; name = UICaffeineConsumptionRecentButton.swift; path = View/UICaffeineConsumptionRecentButton.swift; sourceTree = "<group>"; };
		601FAA271BAC52D200553555 /* InputViewController.swift */ = {isa = PBXFileReference; fileEncoding = 4; lastKnownFileType = sourcecode.swift; name = InputViewController.swift; path = ViewController/InputViewController.swift; sourceTree = "<group>"; };
		601FAA281BAC52D200553555 /* ConsumptionViewController.swift */ = {isa = PBXFileReference; fileEncoding = 4; lastKnownFileType = sourcecode.swift; name = ConsumptionViewController.swift; path = ViewController/ConsumptionViewController.swift; sourceTree = "<group>"; };
		601FAA2B1BAC52E300553555 /* AppDelegate.swift */ = {isa = PBXFileReference; fileEncoding = 4; lastKnownFileType = sourcecode.swift; path = AppDelegate.swift; sourceTree = "<group>"; };
		6025626224BEF31600EF6054 /* Matchfile */ = {isa = PBXFileReference; fileEncoding = 4; lastKnownFileType = text; name = Matchfile; path = fastlane/Matchfile; sourceTree = SOURCE_ROOT; };
		602E64A71BAC1BDF00E25D52 /* caffeine.app */ = {isa = PBXFileReference; explicitFileType = wrapper.application; includeInIndex = 0; path = caffeine.app; sourceTree = BUILT_PRODUCTS_DIR; };
		602E64B81BAC1BDF00E25D52 /* Info.plist */ = {isa = PBXFileReference; lastKnownFileType = text.plist.xml; path = Info.plist; sourceTree = "<group>"; };
		602E64E41BAC3C6C00E25D52 /* HealthKit.framework */ = {isa = PBXFileReference; lastKnownFileType = wrapper.framework; name = HealthKit.framework; path = System/Library/Frameworks/HealthKit.framework; sourceTree = SDKROOT; };
		602E64E61BAC3C6C00E25D52 /* caffeine.entitlements */ = {isa = PBXFileReference; lastKnownFileType = text.xml; path = caffeine.entitlements; sourceTree = "<group>"; };
		603DEE0324AB7C640079A79C /* HealthStoreService.swift */ = {isa = PBXFileReference; lastKnownFileType = sourcecode.swift; path = HealthStoreService.swift; sourceTree = "<group>"; };
		603DEE0824AB7FE00079A79C /* .travis.yml */ = {isa = PBXFileReference; fileEncoding = 4; lastKnownFileType = text.yaml; path = .travis.yml; sourceTree = SOURCE_ROOT; };
		603DEE0C24AB87030079A79C /* UserSettings.swift */ = {isa = PBXFileReference; lastKnownFileType = sourcecode.swift; path = UserSettings.swift; sourceTree = "<group>"; };
		6043D1AF24BEDCFC002608EB /* swiftlint.yml */ = {isa = PBXFileReference; fileEncoding = 4; lastKnownFileType = text.yaml; path = swiftlint.yml; sourceTree = SOURCE_ROOT; };
		6043D1B124BEDD07002608EB /* Podfile */ = {isa = PBXFileReference; fileEncoding = 4; lastKnownFileType = text; path = Podfile; sourceTree = SOURCE_ROOT; };
		6043D1B324BEDD10002608EB /* Fastfile */ = {isa = PBXFileReference; fileEncoding = 4; lastKnownFileType = text; name = Fastfile; path = fastlane/Fastfile; sourceTree = SOURCE_ROOT; };
		6043D1B624BEDD2D002608EB /* Snapfile */ = {isa = PBXFileReference; fileEncoding = 4; lastKnownFileType = text; name = Snapfile; path = fastlane/Snapfile; sourceTree = SOURCE_ROOT; };
		6043D1BC24BEDDA3002608EB /* caffeineTests.xctest */ = {isa = PBXFileReference; explicitFileType = wrapper.cfbundle; includeInIndex = 0; path = caffeineTests.xctest; sourceTree = BUILT_PRODUCTS_DIR; };
		6043D1BE24BEDDA3002608EB /* CaffeineTests.swift */ = {isa = PBXFileReference; lastKnownFileType = sourcecode.swift; path = CaffeineTests.swift; sourceTree = "<group>"; };
		6043D1C024BEDDA3002608EB /* Info.plist */ = {isa = PBXFileReference; lastKnownFileType = text.plist.xml; path = Info.plist; sourceTree = "<group>"; };
		6043D1C724BEDE52002608EB /* swiftgen.yml */ = {isa = PBXFileReference; lastKnownFileType = text.yaml; path = swiftgen.yml; sourceTree = SOURCE_ROOT; };
		6043D1CC24BEDF37002608EB /* de */ = {isa = PBXFileReference; lastKnownFileType = text.plist.strings; name = de; path = de.lproj/Localizable.strings; sourceTree = "<group>"; };
		6043D1CD24BEDF37002608EB /* en */ = {isa = PBXFileReference; lastKnownFileType = text.plist.strings; name = en; path = en.lproj/Localizable.strings; sourceTree = "<group>"; };
		6043D1CE24BEDF37002608EB /* Base */ = {isa = PBXFileReference; lastKnownFileType = text.plist.strings; name = Base; path = Base.lproj/Localizable.strings; sourceTree = "<group>"; };
		6043D1D124BEDFAD002608EB /* LaunchScreen.storyboard */ = {isa = PBXFileReference; fileEncoding = 4; lastKnownFileType = file.storyboard; path = LaunchScreen.storyboard; sourceTree = "<group>"; };
		6043D1D224BEDFAD002608EB /* Main.storyboard */ = {isa = PBXFileReference; fileEncoding = 4; lastKnownFileType = file.storyboard; path = Main.storyboard; sourceTree = "<group>"; };
		6043D1D624BEE000002608EB /* Assets.xcassets */ = {isa = PBXFileReference; lastKnownFileType = folder.assetcatalog; path = Assets.xcassets; sourceTree = "<group>"; };
		6043D1D924BEE03A002608EB /* Strings.swift */ = {isa = PBXFileReference; fileEncoding = 4; lastKnownFileType = sourcecode.swift; path = Strings.swift; sourceTree = "<group>"; };
		6043D1DA24BEE03A002608EB /* Assets.swift */ = {isa = PBXFileReference; fileEncoding = 4; lastKnownFileType = sourcecode.swift; path = Assets.swift; sourceTree = "<group>"; };
		6043D1DB24BEE03A002608EB /* Scenes.swift */ = {isa = PBXFileReference; fileEncoding = 4; lastKnownFileType = sourcecode.swift; path = Scenes.swift; sourceTree = "<group>"; };
		6043D1DC24BEE03A002608EB /* Segues.swift */ = {isa = PBXFileReference; fileEncoding = 4; lastKnownFileType = sourcecode.swift; path = Segues.swift; sourceTree = "<group>"; };
		60481E1524AB71D8008DE168 /* CaffeineColors.swift */ = {isa = PBXFileReference; lastKnownFileType = sourcecode.swift; path = CaffeineColors.swift; sourceTree = "<group>"; };
		60481E1824AB76C8008DE168 /* Consumable.swift */ = {isa = PBXFileReference; fileEncoding = 4; lastKnownFileType = sourcecode.swift; path = Consumable.swift; sourceTree = "<group>"; };
		60481E1A24AB7860008DE168 /* ConsumableProperties.swift */ = {isa = PBXFileReference; lastKnownFileType = sourcecode.swift; path = ConsumableProperties.swift; sourceTree = "<group>"; };
		60496F2A1BD011CA00A72757 /* UISliderPopupView.swift */ = {isa = PBXFileReference; fileEncoding = 4; lastKnownFileType = sourcecode.swift; name = UISliderPopupView.swift; path = View/UISliderPopupView.swift; sourceTree = "<group>"; };
		60496F2C1BD015CE00A72757 /* UICaffeineSlider.swift */ = {isa = PBXFileReference; fileEncoding = 4; lastKnownFileType = sourcecode.swift; name = UICaffeineSlider.swift; path = View/UICaffeineSlider.swift; sourceTree = "<group>"; };
		6062DFF01BDAA05E003EF136 /* UICaffeineInputButton.swift */ = {isa = PBXFileReference; fileEncoding = 4; lastKnownFileType = sourcecode.swift; name = UICaffeineInputButton.swift; path = View/UICaffeineInputButton.swift; sourceTree = "<group>"; };
		60BE64AB24AF620D000F26C4 /* caffeineUITests.xctest */ = {isa = PBXFileReference; explicitFileType = wrapper.cfbundle; includeInIndex = 0; path = caffeineUITests.xctest; sourceTree = BUILT_PRODUCTS_DIR; };
		60BE64AD24AF620D000F26C4 /* CaffeineUITests.swift */ = {isa = PBXFileReference; lastKnownFileType = sourcecode.swift; path = CaffeineUITests.swift; sourceTree = "<group>"; };
		60BE64AF24AF620D000F26C4 /* Info.plist */ = {isa = PBXFileReference; lastKnownFileType = text.plist.xml; path = Info.plist; sourceTree = "<group>"; };
		60BE64B524AF634E000F26C4 /* SnapshotHelper.swift */ = {isa = PBXFileReference; fileEncoding = 4; lastKnownFileType = sourcecode.swift; name = SnapshotHelper.swift; path = fastlane/SnapshotHelper.swift; sourceTree = SOURCE_ROOT; };
		60CA813C24AC6D8200DDED35 /* PeriodicConsumption.swift */ = {isa = PBXFileReference; lastKnownFileType = sourcecode.swift; path = PeriodicConsumption.swift; sourceTree = "<group>"; };
		60CA813E24AC781100DDED35 /* CaffeineDataService.swift */ = {isa = PBXFileReference; lastKnownFileType = sourcecode.swift; path = CaffeineDataService.swift; sourceTree = "<group>"; };
		60CA814024ADC04800DDED35 /* DrinksService.swift */ = {isa = PBXFileReference; lastKnownFileType = sourcecode.swift; path = DrinksService.swift; sourceTree = "<group>"; };
		60CA814524ADC39D00DDED35 /* Consumption.xcdatamodel */ = {isa = PBXFileReference; lastKnownFileType = wrapper.xcdatamodel; path = Consumption.xcdatamodel; sourceTree = "<group>"; };
		60CA814724ADC45500DDED35 /* PersistenceService.swift */ = {isa = PBXFileReference; lastKnownFileType = sourcecode.swift; path = PersistenceService.swift; sourceTree = "<group>"; };
		60CA814924ADC48B00DDED35 /* DatastoreProvider.swift */ = {isa = PBXFileReference; lastKnownFileType = sourcecode.swift; path = DatastoreProvider.swift; sourceTree = "<group>"; };
		60CA814B24ADC4A700DDED35 /* ContextProvider.swift */ = {isa = PBXFileReference; lastKnownFileType = sourcecode.swift; path = ContextProvider.swift; sourceTree = "<group>"; };
		60CA814D24ADC57500DDED35 /* ConsumptionStore.swift */ = {isa = PBXFileReference; lastKnownFileType = sourcecode.swift; path = ConsumptionStore.swift; sourceTree = "<group>"; };
		60CA814F24ADC59B00DDED35 /* ConsumptionDataProvider.swift */ = {isa = PBXFileReference; lastKnownFileType = sourcecode.swift; path = ConsumptionDataProvider.swift; sourceTree = "<group>"; };
		60D3BAF31BC12CC100CAC7DE /* StatisticsViewController.swift */ = {isa = PBXFileReference; fileEncoding = 4; lastKnownFileType = sourcecode.swift; name = StatisticsViewController.swift; path = ViewController/StatisticsViewController.swift; sourceTree = "<group>"; };
		60D3BAF51BC12D2000CAC7DE /* SettingsViewController.swift */ = {isa = PBXFileReference; fileEncoding = 4; lastKnownFileType = sourcecode.swift; name = SettingsViewController.swift; path = ViewController/SettingsViewController.swift; sourceTree = "<group>"; };
		60D941701BC8623100C203C6 /* MindModellDesctiption.rtf */ = {isa = PBXFileReference; fileEncoding = 4; lastKnownFileType = text.rtf; name = MindModellDesctiption.rtf; path = "Supporting Files/MindModellDesctiption.rtf"; sourceTree = "<group>"; };
		60D941721BC8659C00C203C6 /* CaffeineDataDescription.rtf */ = {isa = PBXFileReference; fileEncoding = 4; lastKnownFileType = text.rtf; name = CaffeineDataDescription.rtf; path = "Supporting Files/CaffeineDataDescription.rtf"; sourceTree = "<group>"; };
		60E76D2A1BEA183300670CEA /* UICaffeineInputOKButton.swift */ = {isa = PBXFileReference; fileEncoding = 4; lastKnownFileType = sourcecode.swift; name = UICaffeineInputOKButton.swift; path = View/UICaffeineInputOKButton.swift; sourceTree = "<group>"; };
		60E76D2C1BEB608800670CEA /* UICaffeineStatisticsChartView.swift */ = {isa = PBXFileReference; fileEncoding = 4; lastKnownFileType = sourcecode.swift; name = UICaffeineStatisticsChartView.swift; path = View/UICaffeineStatisticsChartView.swift; sourceTree = "<group>"; };
		6943F8CA7228E6BA43EF1D52 /* Pods-caffeine.release.xcconfig */ = {isa = PBXFileReference; includeInIndex = 1; lastKnownFileType = text.xcconfig; name = "Pods-caffeine.release.xcconfig"; path = "Pods/Target Support Files/Pods-caffeine/Pods-caffeine.release.xcconfig"; sourceTree = "<group>"; };
		6A7D83803EA44D18A8ACA433 /* Pods-caffeineTests.debug.xcconfig */ = {isa = PBXFileReference; includeInIndex = 1; lastKnownFileType = text.xcconfig; name = "Pods-caffeineTests.debug.xcconfig"; path = "Pods/Target Support Files/Pods-caffeineTests/Pods-caffeineTests.debug.xcconfig"; sourceTree = "<group>"; };
		6B0FA68D033FC175428005D5 /* Pods-caffeineTests.release.xcconfig */ = {isa = PBXFileReference; includeInIndex = 1; lastKnownFileType = text.xcconfig; name = "Pods-caffeineTests.release.xcconfig"; path = "Pods/Target Support Files/Pods-caffeineTests/Pods-caffeineTests.release.xcconfig"; sourceTree = "<group>"; };
		805C0FA2158610E631948B9C /* libPods-caffeineTests.a */ = {isa = PBXFileReference; explicitFileType = archive.ar; includeInIndex = 0; path = "libPods-caffeineTests.a"; sourceTree = BUILT_PRODUCTS_DIR; };
		AC0D4BC68B85877491EC9915 /* Pods_caffeine.framework */ = {isa = PBXFileReference; explicitFileType = wrapper.framework; includeInIndex = 0; path = Pods_caffeine.framework; sourceTree = BUILT_PRODUCTS_DIR; };
		BA3B96DF380F91729B1B1847 /* Pods.framework */ = {isa = PBXFileReference; explicitFileType = wrapper.framework; includeInIndex = 0; path = Pods.framework; sourceTree = BUILT_PRODUCTS_DIR; };
		D62277E8878BF98CB27A8302 /* libPods-caffeineUITests.a */ = {isa = PBXFileReference; explicitFileType = archive.ar; includeInIndex = 0; path = "libPods-caffeineUITests.a"; sourceTree = BUILT_PRODUCTS_DIR; };
		DE4BBE3566B0763A7FAAAF50 /* Pods-caffeine.debug.xcconfig */ = {isa = PBXFileReference; includeInIndex = 1; lastKnownFileType = text.xcconfig; name = "Pods-caffeine.debug.xcconfig"; path = "Pods/Target Support Files/Pods-caffeine/Pods-caffeine.debug.xcconfig"; sourceTree = "<group>"; };
/* End PBXFileReference section */

/* Begin PBXFrameworksBuildPhase section */
		602E64A41BAC1BDF00E25D52 /* Frameworks */ = {
			isa = PBXFrameworksBuildPhase;
			buildActionMask = 2147483647;
			files = (
				602E64E51BAC3C6C00E25D52 /* HealthKit.framework in Frameworks */,
				95B669E5BD1E01661467093F /* Pods_caffeine.framework in Frameworks */,
			);
			runOnlyForDeploymentPostprocessing = 0;
		};
		6043D1B924BEDDA3002608EB /* Frameworks */ = {
			isa = PBXFrameworksBuildPhase;
			buildActionMask = 2147483647;
			files = (
			);
			runOnlyForDeploymentPostprocessing = 0;
		};
		60BE64A824AF620D000F26C4 /* Frameworks */ = {
			isa = PBXFrameworksBuildPhase;
			buildActionMask = 2147483647;
			files = (
			);
			runOnlyForDeploymentPostprocessing = 0;
		};
/* End PBXFrameworksBuildPhase section */

/* Begin PBXGroup section */
		600647D81BAE09CD00101295 /* Consumption */ = {
			isa = PBXGroup;
			children = (
				600647D91BAE0A0E00101295 /* Coffee.plist */,
				600647DB1BAE0A1B00101295 /* Milk.plist */,
				600647DD1BAE0A2700101295 /* Sugar.plist */,
				600647DF1BAE0A3D00101295 /* Size.plist */,
			);
			name = Consumption;
			sourceTree = "<group>";
		};
		601FAA2D1BAC532300553555 /* View */ = {
			isa = PBXGroup;
			children = (
				60496F2A1BD011CA00A72757 /* UISliderPopupView.swift */,
				60496F2C1BD015CE00A72757 /* UICaffeineSlider.swift */,
				601EB1591C00CF9A00F56A2A /* UICaffeineConsumptionRecentButton.swift */,
				6062DFF01BDAA05E003EF136 /* UICaffeineInputButton.swift */,
				60E76D2A1BEA183300670CEA /* UICaffeineInputOKButton.swift */,
				600D1C371BE7C47C00DC9500 /* UICaffeineInputButtonView.swift */,
				60E76D2C1BEB608800670CEA /* UICaffeineStatisticsChartView.swift */,
				601336D01BF389E6006A67D3 /* UICaffeineStatisticsTimeSelectorView.swift */,
			);
			name = View;
			sourceTree = "<group>";
		};
		602E649E1BAC1BDF00E25D52 = {
			isa = PBXGroup;
			children = (
				602E64A91BAC1BDF00E25D52 /* caffeine */,
				6043D1BD24BEDDA3002608EB /* caffeineTests */,
				60BE64AC24AF620D000F26C4 /* caffeineUITests */,
				658C97C1AE0B060543CE9128 /* Frameworks */,
				602E64A81BAC1BDF00E25D52 /* Products */,
				94E80EB2AEC9C94EF41E466C /* Pods */,
			);
			sourceTree = "<group>";
		};
		602E64A81BAC1BDF00E25D52 /* Products */ = {
			isa = PBXGroup;
			children = (
				602E64A71BAC1BDF00E25D52 /* caffeine.app */,
				60BE64AB24AF620D000F26C4 /* caffeineUITests.xctest */,
				6043D1BC24BEDDA3002608EB /* caffeineTests.xctest */,
			);
			name = Products;
			sourceTree = "<group>";
		};
		602E64A91BAC1BDF00E25D52 /* caffeine */ = {
			isa = PBXGroup;
			children = (
				601FAA2B1BAC52E300553555 /* AppDelegate.swift */,
				60481E1724AB76A5008DE168 /* Data */,
				60481E1424AB71BE008DE168 /* Styling */,
				603DEE0224AB7C2D0079A79C /* Services */,
				601FAA2D1BAC532300553555 /* View */,
				602E64DB1BAC1BF400E25D52 /* ViewController */,
				602E64DD1BAC1C0600E25D52 /* Supporting Files */,
			);
			path = caffeine;
			sourceTree = "<group>";
		};
		602E64DB1BAC1BF400E25D52 /* ViewController */ = {
			isa = PBXGroup;
			children = (
				601FAA281BAC52D200553555 /* ConsumptionViewController.swift */,
				601FAA271BAC52D200553555 /* InputViewController.swift */,
				60D3BAF31BC12CC100CAC7DE /* StatisticsViewController.swift */,
				60D3BAF51BC12D2000CAC7DE /* SettingsViewController.swift */,
			);
			name = ViewController;
			sourceTree = "<group>";
		};
		602E64DD1BAC1C0600E25D52 /* Supporting Files */ = {
			isa = PBXGroup;
			children = (
				6043D1D824BEE03A002608EB /* Generated */,
				6043D1D524BEE000002608EB /* Resources */,
				6043D1D024BEDFAD002608EB /* Scenes */,
				6043D1CA24BEDF37002608EB /* Localization */,
				6043D1B524BEDD17002608EB /* Fastlane */,
				600647D81BAE09CD00101295 /* Consumption */,
				602E64E61BAC3C6C00E25D52 /* caffeine.entitlements */,
				60D941701BC8623100C203C6 /* MindModellDesctiption.rtf */,
				60D941721BC8659C00C203C6 /* CaffeineDataDescription.rtf */,
				602E64B81BAC1BDF00E25D52 /* Info.plist */,
				6043D1B124BEDD07002608EB /* Podfile */,
				6043D1AF24BEDCFC002608EB /* swiftlint.yml */,
				6043D1C724BEDE52002608EB /* swiftgen.yml */,
				603DEE0824AB7FE00079A79C /* .travis.yml */,
			);
			name = "Supporting Files";
			sourceTree = "<group>";
		};
		603DEE0224AB7C2D0079A79C /* Services */ = {
			isa = PBXGroup;
			children = (
				60CA814324ADC38400DDED35 /* ConsumptionStore */,
				60CA815324ADC83700DDED35 /* HealthKit */,
				60CA814024ADC04800DDED35 /* DrinksService.swift */,
			);
			path = Services;
			sourceTree = "<group>";
		};
		6043D1B524BEDD17002608EB /* Fastlane */ = {
			isa = PBXGroup;
			children = (
				6043D1B324BEDD10002608EB /* Fastfile */,
				6025626224BEF31600EF6054 /* Matchfile */,
				6043D1B624BEDD2D002608EB /* Snapfile */,
			);
			name = Fastlane;
			sourceTree = "<group>";
		};
		6043D1BD24BEDDA3002608EB /* caffeineTests */ = {
			isa = PBXGroup;
			children = (
				6043D1BE24BEDDA3002608EB /* CaffeineTests.swift */,
				6043D1C024BEDDA3002608EB /* Info.plist */,
			);
			path = caffeineTests;
			sourceTree = "<group>";
		};
		6043D1CA24BEDF37002608EB /* Localization */ = {
			isa = PBXGroup;
			children = (
				6043D1CB24BEDF37002608EB /* Localizable.strings */,
			);
			path = Localization;
			sourceTree = "<group>";
		};
		6043D1D024BEDFAD002608EB /* Scenes */ = {
			isa = PBXGroup;
			children = (
				6043D1D224BEDFAD002608EB /* Main.storyboard */,
				6043D1D124BEDFAD002608EB /* LaunchScreen.storyboard */,
			);
			path = Scenes;
			sourceTree = "<group>";
		};
		6043D1D524BEE000002608EB /* Resources */ = {
			isa = PBXGroup;
			children = (
				6043D1D624BEE000002608EB /* Assets.xcassets */,
			);
			path = Resources;
			sourceTree = "<group>";
		};
		6043D1D824BEE03A002608EB /* Generated */ = {
			isa = PBXGroup;
			children = (
				6043D1D924BEE03A002608EB /* Strings.swift */,
				6043D1DA24BEE03A002608EB /* Assets.swift */,
				6043D1DB24BEE03A002608EB /* Scenes.swift */,
				6043D1DC24BEE03A002608EB /* Segues.swift */,
			);
			path = Generated;
			sourceTree = "<group>";
		};
		60481E1424AB71BE008DE168 /* Styling */ = {
			isa = PBXGroup;
			children = (
				60481E1524AB71D8008DE168 /* CaffeineColors.swift */,
			);
			path = Styling;
			sourceTree = "<group>";
		};
		60481E1724AB76A5008DE168 /* Data */ = {
			isa = PBXGroup;
			children = (
				60481E1824AB76C8008DE168 /* Consumable.swift */,
				60481E1A24AB7860008DE168 /* ConsumableProperties.swift */,
				60CA813C24AC6D8200DDED35 /* PeriodicConsumption.swift */,
				603DEE0C24AB87030079A79C /* UserSettings.swift */,
			);
			path = Data;
			sourceTree = "<group>";
		};
		60BE64AC24AF620D000F26C4 /* caffeineUITests */ = {
			isa = PBXGroup;
			children = (
				60BE64AD24AF620D000F26C4 /* CaffeineUITests.swift */,
				60BE64B524AF634E000F26C4 /* SnapshotHelper.swift */,
				60BE64AF24AF620D000F26C4 /* Info.plist */,
			);
			path = caffeineUITests;
			sourceTree = "<group>";
		};
		60CA814324ADC38400DDED35 /* ConsumptionStore */ = {
			isa = PBXGroup;
			children = (
				60CA814424ADC39D00DDED35 /* Consumption.xcdatamodeld */,
				60CA814F24ADC59B00DDED35 /* ConsumptionDataProvider.swift */,
				60CA814D24ADC57500DDED35 /* ConsumptionStore.swift */,
				60CA814724ADC45500DDED35 /* PersistenceService.swift */,
				60CA814924ADC48B00DDED35 /* DatastoreProvider.swift */,
				60CA814B24ADC4A700DDED35 /* ContextProvider.swift */,
			);
			path = ConsumptionStore;
			sourceTree = "<group>";
		};
		60CA815324ADC83700DDED35 /* HealthKit */ = {
			isa = PBXGroup;
			children = (
				60CA813E24AC781100DDED35 /* CaffeineDataService.swift */,
				603DEE0324AB7C640079A79C /* HealthStoreService.swift */,
			);
			path = HealthKit;
			sourceTree = "<group>";
		};
		658C97C1AE0B060543CE9128 /* Frameworks */ = {
			isa = PBXGroup;
			children = (
				602E64E41BAC3C6C00E25D52 /* HealthKit.framework */,
				BA3B96DF380F91729B1B1847 /* Pods.framework */,
				AC0D4BC68B85877491EC9915 /* Pods_caffeine.framework */,
				805C0FA2158610E631948B9C /* libPods-caffeineTests.a */,
				D62277E8878BF98CB27A8302 /* libPods-caffeineUITests.a */,
			);
			name = Frameworks;
			sourceTree = "<group>";
		};
		94E80EB2AEC9C94EF41E466C /* Pods */ = {
			isa = PBXGroup;
			children = (
				DE4BBE3566B0763A7FAAAF50 /* Pods-caffeine.debug.xcconfig */,
				6943F8CA7228E6BA43EF1D52 /* Pods-caffeine.release.xcconfig */,
				6A7D83803EA44D18A8ACA433 /* Pods-caffeineTests.debug.xcconfig */,
				6B0FA68D033FC175428005D5 /* Pods-caffeineTests.release.xcconfig */,
				59916642B9BECC76E54897AF /* Pods-caffeineUITests.debug.xcconfig */,
				41D1ABB40FE4971EAEC727F3 /* Pods-caffeineUITests.release.xcconfig */,
			);
			name = Pods;
			sourceTree = "<group>";
		};
/* End PBXGroup section */

/* Begin PBXNativeTarget section */
		602E64A61BAC1BDF00E25D52 /* caffeine */ = {
			isa = PBXNativeTarget;
			buildConfigurationList = 602E64D11BAC1BDF00E25D52 /* Build configuration list for PBXNativeTarget "caffeine" */;
			buildPhases = (
				A4AE9D0B6EDC84E5FC899167 /* [CP] Check Pods Manifest.lock */,
				6043D1C624BEDE37002608EB /* Swiftgen */,
				603DEE0524AB7F700079A79C /* Swiftlint */,
				602E64A31BAC1BDF00E25D52 /* Sources */,
				602E64A41BAC1BDF00E25D52 /* Frameworks */,
				602E64A51BAC1BDF00E25D52 /* Resources */,
				B931EF7F89DA3D474234C581 /* [CP] Embed Pods Frameworks */,
			);
			buildRules = (
			);
			dependencies = (
			);
			name = caffeine;
			productName = caffeine;
			productReference = 602E64A71BAC1BDF00E25D52 /* caffeine.app */;
			productType = "com.apple.product-type.application";
		};
		6043D1BB24BEDDA3002608EB /* caffeineTests */ = {
			isa = PBXNativeTarget;
			buildConfigurationList = 6043D1C324BEDDA3002608EB /* Build configuration list for PBXNativeTarget "caffeineTests" */;
			buildPhases = (
				6043D1B824BEDDA3002608EB /* Sources */,
				6043D1B924BEDDA3002608EB /* Frameworks */,
				6043D1BA24BEDDA3002608EB /* Resources */,
			);
			buildRules = (
			);
			dependencies = (
				6043D1C224BEDDA3002608EB /* PBXTargetDependency */,
			);
			name = caffeineTests;
			productName = caffeineTests;
			productReference = 6043D1BC24BEDDA3002608EB /* caffeineTests.xctest */;
			productType = "com.apple.product-type.bundle.unit-test";
		};
		60BE64AA24AF620D000F26C4 /* caffeineUITests */ = {
			isa = PBXNativeTarget;
			buildConfigurationList = 60BE64B424AF620D000F26C4 /* Build configuration list for PBXNativeTarget "caffeineUITests" */;
			buildPhases = (
				60BE64A724AF620D000F26C4 /* Sources */,
				60BE64A824AF620D000F26C4 /* Frameworks */,
				60BE64A924AF620D000F26C4 /* Resources */,
			);
			buildRules = (
			);
			dependencies = (
				60BE64B124AF620D000F26C4 /* PBXTargetDependency */,
			);
			name = caffeineUITests;
			productName = caffeineUITests;
			productReference = 60BE64AB24AF620D000F26C4 /* caffeineUITests.xctest */;
			productType = "com.apple.product-type.bundle.ui-testing";
		};
/* End PBXNativeTarget section */

/* Begin PBXProject section */
		602E649F1BAC1BDF00E25D52 /* Project object */ = {
			isa = PBXProject;
			attributes = {
				LastSwiftUpdateCheck = 1150;
				LastUpgradeCheck = 1150;
				ORGANIZATIONNAME = kayos;
				TargetAttributes = {
					602E64A61BAC1BDF00E25D52 = {
						CreatedOnToolsVersion = 7.0;
						DevelopmentTeam = T2MU43SWN2;
						LastSwiftMigration = 0800;
						ProvisioningStyle = Manual;
						SystemCapabilities = {
							com.apple.ApplicationGroups.iOS = {
								enabled = 1;
							};
							com.apple.BackgroundModes = {
								enabled = 0;
							};
							com.apple.HealthKit = {
								enabled = 1;
							};
						};
					};
					6043D1BB24BEDDA3002608EB = {
						CreatedOnToolsVersion = 11.5;
						DevelopmentTeam = C5HCUYE57C;
						ProvisioningStyle = Automatic;
						TestTargetID = 602E64A61BAC1BDF00E25D52;
					};
					60BE64AA24AF620D000F26C4 = {
						CreatedOnToolsVersion = 11.5;
						DevelopmentTeam = C5HCUYE57C;
						ProvisioningStyle = Automatic;
						TestTargetID = 602E64A61BAC1BDF00E25D52;
					};
				};
			};
			buildConfigurationList = 602E64A21BAC1BDF00E25D52 /* Build configuration list for PBXProject "caffeine" */;
			compatibilityVersion = "Xcode 3.2";
			developmentRegion = en;
			hasScannedForEncodings = 0;
			knownRegions = (
				en,
				Base,
				de,
			);
			mainGroup = 602E649E1BAC1BDF00E25D52;
			productRefGroup = 602E64A81BAC1BDF00E25D52 /* Products */;
			projectDirPath = "";
			projectRoot = "";
			targets = (
				602E64A61BAC1BDF00E25D52 /* caffeine */,
				6043D1BB24BEDDA3002608EB /* caffeineTests */,
				60BE64AA24AF620D000F26C4 /* caffeineUITests */,
			);
		};
/* End PBXProject section */

/* Begin PBXResourcesBuildPhase section */
		602E64A51BAC1BDF00E25D52 /* Resources */ = {
			isa = PBXResourcesBuildPhase;
			buildActionMask = 2147483647;
			files = (
				6025626324BEF31600EF6054 /* Matchfile in Resources */,
				600647E01BAE0A3D00101295 /* Size.plist in Resources */,
				6043D1D324BEDFAD002608EB /* LaunchScreen.storyboard in Resources */,
				600647DA1BAE0A0E00101295 /* Coffee.plist in Resources */,
				6043D1CF24BEDF37002608EB /* Localizable.strings in Resources */,
				600647DC1BAE0A1B00101295 /* Milk.plist in Resources */,
				6043D1D424BEDFAD002608EB /* Main.storyboard in Resources */,
				600647DE1BAE0A2700101295 /* Sugar.plist in Resources */,
				6043D1D724BEE000002608EB /* Assets.xcassets in Resources */,
				6043D1B224BEDD07002608EB /* Podfile in Resources */,
			);
			runOnlyForDeploymentPostprocessing = 0;
		};
		6043D1BA24BEDDA3002608EB /* Resources */ = {
			isa = PBXResourcesBuildPhase;
			buildActionMask = 2147483647;
			files = (
			);
			runOnlyForDeploymentPostprocessing = 0;
		};
		60BE64A924AF620D000F26C4 /* Resources */ = {
			isa = PBXResourcesBuildPhase;
			buildActionMask = 2147483647;
			files = (
			);
			runOnlyForDeploymentPostprocessing = 0;
		};
/* End PBXResourcesBuildPhase section */

/* Begin PBXShellScriptBuildPhase section */
		603DEE0524AB7F700079A79C /* Swiftlint */ = {
			isa = PBXShellScriptBuildPhase;
			buildActionMask = 2147483647;
			files = (
			);
			inputFileListPaths = (
			);
			inputPaths = (
			);
			name = Swiftlint;
			outputFileListPaths = (
			);
			outputPaths = (
			);
			runOnlyForDeploymentPostprocessing = 0;
			shellPath = /bin/sh;
			shellScript = "if [ -x \"$(command -v swiftlint)\" ]; then\n    swiftlint autocorrect --config swiftlint.yml\n    # swiftlint --config swiftlint.yml\n    echo \"Hello world\"\nelse\n    echo \"An error occured. Swiftlint should be installed.\"\n    exit 1\nfi\n\n";
		};
		6043D1C624BEDE37002608EB /* Swiftgen */ = {
			isa = PBXShellScriptBuildPhase;
			buildActionMask = 2147483647;
			files = (
			);
			inputFileListPaths = (
			);
			inputPaths = (
			);
			name = Swiftgen;
			outputFileListPaths = (
			);
			outputPaths = (
			);
			runOnlyForDeploymentPostprocessing = 0;
			shellPath = /bin/sh;
			shellScript = "#!/bin/bash\nif [ -x \"$(command -v swiftgen)\" ]; then\n    swiftgen config run\nelse\n    echo \"An error occured. Swiftgen should be installed.\"\nfi\n\n";
		};
		A4AE9D0B6EDC84E5FC899167 /* [CP] Check Pods Manifest.lock */ = {
			isa = PBXShellScriptBuildPhase;
			buildActionMask = 2147483647;
			files = (
			);
			inputPaths = (
				"${PODS_PODFILE_DIR_PATH}/Podfile.lock",
				"${PODS_ROOT}/Manifest.lock",
			);
			name = "[CP] Check Pods Manifest.lock";
			outputPaths = (
				"$(DERIVED_FILE_DIR)/Pods-caffeine-checkManifestLockResult.txt",
			);
			runOnlyForDeploymentPostprocessing = 0;
			shellPath = /bin/sh;
			shellScript = "diff \"${PODS_PODFILE_DIR_PATH}/Podfile.lock\" \"${PODS_ROOT}/Manifest.lock\" > /dev/null\nif [ $? != 0 ] ; then\n    # print error to STDERR\n    echo \"error: The sandbox is not in sync with the Podfile.lock. Run 'pod install' or update your CocoaPods installation.\" >&2\n    exit 1\nfi\n# This output is used by Xcode 'outputs' to avoid re-running this script phase.\necho \"SUCCESS\" > \"${SCRIPT_OUTPUT_FILE_0}\"\n";
			showEnvVarsInLog = 0;
		};
		B931EF7F89DA3D474234C581 /* [CP] Embed Pods Frameworks */ = {
			isa = PBXShellScriptBuildPhase;
			buildActionMask = 2147483647;
			files = (
			);
			inputPaths = (
				"${PODS_ROOT}/Target Support Files/Pods-caffeine/Pods-caffeine-frameworks.sh",
				"${BUILT_PRODUCTS_DIR}/Spring/Spring.framework",
			);
			name = "[CP] Embed Pods Frameworks";
			outputPaths = (
				"${TARGET_BUILD_DIR}/${FRAMEWORKS_FOLDER_PATH}/Spring.framework",
			);
			runOnlyForDeploymentPostprocessing = 0;
			shellPath = /bin/sh;
			shellScript = "\"${PODS_ROOT}/Target Support Files/Pods-caffeine/Pods-caffeine-frameworks.sh\"\n";
			showEnvVarsInLog = 0;
		};
/* End PBXShellScriptBuildPhase section */

/* Begin PBXSourcesBuildPhase section */
		602E64A31BAC1BDF00E25D52 /* Sources */ = {
			isa = PBXSourcesBuildPhase;
			buildActionMask = 2147483647;
			files = (
				60CA814824ADC45500DDED35 /* PersistenceService.swift in Sources */,
				60CA813F24AC781100DDED35 /* CaffeineDataService.swift in Sources */,
				6043D1DF24BEE03A002608EB /* Scenes.swift in Sources */,
				600D1C381BE7C47C00DC9500 /* UICaffeineInputButtonView.swift in Sources */,
				60CA814C24ADC4A700DDED35 /* ContextProvider.swift in Sources */,
				603DEE0D24AB87030079A79C /* UserSettings.swift in Sources */,
				601EB15A1C00CF9A00F56A2A /* UICaffeineConsumptionRecentButton.swift in Sources */,
				6043D1E024BEE03A002608EB /* Segues.swift in Sources */,
				6043D1DD24BEE03A002608EB /* Strings.swift in Sources */,
				601FAA2C1BAC52E300553555 /* AppDelegate.swift in Sources */,
				6062DFF11BDAA05E003EF136 /* UICaffeineInputButton.swift in Sources */,
				603DEE0424AB7C640079A79C /* HealthStoreService.swift in Sources */,
				60CA815024ADC59B00DDED35 /* ConsumptionDataProvider.swift in Sources */,
				6043D1DE24BEE03A002608EB /* Assets.swift in Sources */,
				60CA814E24ADC57500DDED35 /* ConsumptionStore.swift in Sources */,
				60CA814A24ADC48B00DDED35 /* DatastoreProvider.swift in Sources */,
				60CA814624ADC39D00DDED35 /* Consumption.xcdatamodeld in Sources */,
				60E76D2B1BEA183300670CEA /* UICaffeineInputOKButton.swift in Sources */,
				601FAA2A1BAC52D200553555 /* ConsumptionViewController.swift in Sources */,
				601FAA291BAC52D200553555 /* InputViewController.swift in Sources */,
				60481E1624AB71D8008DE168 /* CaffeineColors.swift in Sources */,
				601336D11BF389E6006A67D3 /* UICaffeineStatisticsTimeSelectorView.swift in Sources */,
				60496F2D1BD015CE00A72757 /* UICaffeineSlider.swift in Sources */,
				60D3BAF41BC12CC100CAC7DE /* StatisticsViewController.swift in Sources */,
				60481E1924AB76C8008DE168 /* Consumable.swift in Sources */,
				60CA814124ADC04800DDED35 /* DrinksService.swift in Sources */,
				60496F2B1BD011CA00A72757 /* UISliderPopupView.swift in Sources */,
				60481E1B24AB7860008DE168 /* ConsumableProperties.swift in Sources */,
				60D3BAF61BC12D2000CAC7DE /* SettingsViewController.swift in Sources */,
				60CA813D24AC6D8200DDED35 /* PeriodicConsumption.swift in Sources */,
				60E76D2D1BEB608800670CEA /* UICaffeineStatisticsChartView.swift in Sources */,
			);
			runOnlyForDeploymentPostprocessing = 0;
		};
		6043D1B824BEDDA3002608EB /* Sources */ = {
			isa = PBXSourcesBuildPhase;
			buildActionMask = 2147483647;
			files = (
				6043D1BF24BEDDA3002608EB /* CaffeineTests.swift in Sources */,
			);
			runOnlyForDeploymentPostprocessing = 0;
		};
		60BE64A724AF620D000F26C4 /* Sources */ = {
			isa = PBXSourcesBuildPhase;
			buildActionMask = 2147483647;
			files = (
				60BE64AE24AF620D000F26C4 /* CaffeineUITests.swift in Sources */,
				60BE64B624AF634E000F26C4 /* SnapshotHelper.swift in Sources */,
			);
			runOnlyForDeploymentPostprocessing = 0;
		};
/* End PBXSourcesBuildPhase section */

/* Begin PBXTargetDependency section */
		6043D1C224BEDDA3002608EB /* PBXTargetDependency */ = {
			isa = PBXTargetDependency;
			target = 602E64A61BAC1BDF00E25D52 /* caffeine */;
			targetProxy = 6043D1C124BEDDA3002608EB /* PBXContainerItemProxy */;
		};
		60BE64B124AF620D000F26C4 /* PBXTargetDependency */ = {
			isa = PBXTargetDependency;
			target = 602E64A61BAC1BDF00E25D52 /* caffeine */;
			targetProxy = 60BE64B024AF620D000F26C4 /* PBXContainerItemProxy */;
		};
/* End PBXTargetDependency section */

/* Begin PBXVariantGroup section */
		6043D1CB24BEDF37002608EB /* Localizable.strings */ = {
			isa = PBXVariantGroup;
			children = (
				6043D1CC24BEDF37002608EB /* de */,
				6043D1CD24BEDF37002608EB /* en */,
				6043D1CE24BEDF37002608EB /* Base */,
			);
			name = Localizable.strings;
			sourceTree = "<group>";
		};
/* End PBXVariantGroup section */

/* Begin XCBuildConfiguration section */
		602E64CF1BAC1BDF00E25D52 /* Debug */ = {
			isa = XCBuildConfiguration;
			buildSettings = {
				ALWAYS_SEARCH_USER_PATHS = NO;
				CLANG_ANALYZER_LOCALIZABILITY_NONLOCALIZED = YES;
				CLANG_CXX_LANGUAGE_STANDARD = "gnu++0x";
				CLANG_CXX_LIBRARY = "libc++";
				CLANG_ENABLE_MODULES = YES;
				CLANG_ENABLE_OBJC_ARC = YES;
				CLANG_WARN_BLOCK_CAPTURE_AUTORELEASING = YES;
				CLANG_WARN_BOOL_CONVERSION = YES;
				CLANG_WARN_COMMA = YES;
				CLANG_WARN_CONSTANT_CONVERSION = YES;
				CLANG_WARN_DEPRECATED_OBJC_IMPLEMENTATIONS = YES;
				CLANG_WARN_DIRECT_OBJC_ISA_USAGE = YES_ERROR;
				CLANG_WARN_EMPTY_BODY = YES;
				CLANG_WARN_ENUM_CONVERSION = YES;
				CLANG_WARN_INFINITE_RECURSION = YES;
				CLANG_WARN_INT_CONVERSION = YES;
				CLANG_WARN_NON_LITERAL_NULL_CONVERSION = YES;
				CLANG_WARN_OBJC_IMPLICIT_RETAIN_SELF = YES;
				CLANG_WARN_OBJC_LITERAL_CONVERSION = YES;
				CLANG_WARN_OBJC_ROOT_CLASS = YES_ERROR;
				CLANG_WARN_RANGE_LOOP_ANALYSIS = YES;
				CLANG_WARN_STRICT_PROTOTYPES = YES;
				CLANG_WARN_SUSPICIOUS_MOVE = YES;
				CLANG_WARN_UNREACHABLE_CODE = YES;
				CLANG_WARN__DUPLICATE_METHOD_MATCH = YES;
				"CODE_SIGN_IDENTITY[sdk=iphoneos*]" = "iPhone Developer";
				COPY_PHASE_STRIP = NO;
				DEBUG_INFORMATION_FORMAT = dwarf;
				ENABLE_STRICT_OBJC_MSGSEND = YES;
				ENABLE_TESTABILITY = YES;
				FRAMEWORK_SEARCH_PATHS = "$(PROJECT_DIR)/**";
				GCC_C_LANGUAGE_STANDARD = gnu99;
				GCC_DYNAMIC_NO_PIC = NO;
				GCC_NO_COMMON_BLOCKS = YES;
				GCC_OPTIMIZATION_LEVEL = 0;
				GCC_PREPROCESSOR_DEFINITIONS = (
					"DEBUG=1",
					"$(inherited)",
				);
				GCC_WARN_64_TO_32_BIT_CONVERSION = YES;
				GCC_WARN_ABOUT_RETURN_TYPE = YES_ERROR;
				GCC_WARN_UNDECLARED_SELECTOR = YES;
				GCC_WARN_UNINITIALIZED_AUTOS = YES_AGGRESSIVE;
				GCC_WARN_UNUSED_FUNCTION = YES;
				GCC_WARN_UNUSED_VARIABLE = YES;
				IPHONEOS_DEPLOYMENT_TARGET = 13.5;
				MTL_ENABLE_DEBUG_INFO = YES;
				ONLY_ACTIVE_ARCH = YES;
				SDKROOT = iphoneos;
				SWIFT_OPTIMIZATION_LEVEL = "-Onone";
				SWIFT_VERSION = 5.0;
			};
			name = Debug;
		};
		602E64D01BAC1BDF00E25D52 /* Release */ = {
			isa = XCBuildConfiguration;
			buildSettings = {
				ALWAYS_SEARCH_USER_PATHS = NO;
				CLANG_ANALYZER_LOCALIZABILITY_NONLOCALIZED = YES;
				CLANG_CXX_LANGUAGE_STANDARD = "gnu++0x";
				CLANG_CXX_LIBRARY = "libc++";
				CLANG_ENABLE_MODULES = YES;
				CLANG_ENABLE_OBJC_ARC = YES;
				CLANG_WARN_BLOCK_CAPTURE_AUTORELEASING = YES;
				CLANG_WARN_BOOL_CONVERSION = YES;
				CLANG_WARN_COMMA = YES;
				CLANG_WARN_CONSTANT_CONVERSION = YES;
				CLANG_WARN_DEPRECATED_OBJC_IMPLEMENTATIONS = YES;
				CLANG_WARN_DIRECT_OBJC_ISA_USAGE = YES_ERROR;
				CLANG_WARN_EMPTY_BODY = YES;
				CLANG_WARN_ENUM_CONVERSION = YES;
				CLANG_WARN_INFINITE_RECURSION = YES;
				CLANG_WARN_INT_CONVERSION = YES;
				CLANG_WARN_NON_LITERAL_NULL_CONVERSION = YES;
				CLANG_WARN_OBJC_IMPLICIT_RETAIN_SELF = YES;
				CLANG_WARN_OBJC_LITERAL_CONVERSION = YES;
				CLANG_WARN_OBJC_ROOT_CLASS = YES_ERROR;
				CLANG_WARN_RANGE_LOOP_ANALYSIS = YES;
				CLANG_WARN_STRICT_PROTOTYPES = YES;
				CLANG_WARN_SUSPICIOUS_MOVE = YES;
				CLANG_WARN_UNREACHABLE_CODE = YES;
				CLANG_WARN__DUPLICATE_METHOD_MATCH = YES;
				"CODE_SIGN_IDENTITY[sdk=iphoneos*]" = "iPhone Developer";
				COPY_PHASE_STRIP = NO;
				DEBUG_INFORMATION_FORMAT = "dwarf-with-dsym";
				ENABLE_NS_ASSERTIONS = NO;
				ENABLE_STRICT_OBJC_MSGSEND = YES;
				FRAMEWORK_SEARCH_PATHS = "$(PROJECT_DIR)/**";
				GCC_C_LANGUAGE_STANDARD = gnu99;
				GCC_NO_COMMON_BLOCKS = YES;
				GCC_WARN_64_TO_32_BIT_CONVERSION = YES;
				GCC_WARN_ABOUT_RETURN_TYPE = YES_ERROR;
				GCC_WARN_UNDECLARED_SELECTOR = YES;
				GCC_WARN_UNINITIALIZED_AUTOS = YES_AGGRESSIVE;
				GCC_WARN_UNUSED_FUNCTION = YES;
				GCC_WARN_UNUSED_VARIABLE = YES;
				IPHONEOS_DEPLOYMENT_TARGET = 13.5;
				MTL_ENABLE_DEBUG_INFO = NO;
				SDKROOT = iphoneos;
				SWIFT_OPTIMIZATION_LEVEL = "-Owholemodule";
				SWIFT_VERSION = 5.0;
				VALIDATE_PRODUCT = YES;
			};
			name = Release;
		};
		602E64D21BAC1BDF00E25D52 /* Debug */ = {
			isa = XCBuildConfiguration;
			baseConfigurationReference = DE4BBE3566B0763A7FAAAF50 /* Pods-caffeine.debug.xcconfig */;
			buildSettings = {
				ALWAYS_EMBED_SWIFT_STANDARD_LIBRARIES = YES;
				ASSETCATALOG_COMPILER_APPICON_NAME = AppIcon;
				CODE_SIGN_ENTITLEMENTS = caffeine/caffeine.entitlements;
				CODE_SIGN_IDENTITY = "Apple Development: Simon Krüger (ZHJYL9DGF3)";
				CODE_SIGN_STYLE = Manual;
				CURRENT_PROJECT_VERSION = 1;
				DEBUG_INFORMATION_FORMAT = "dwarf-with-dsym";
				DEVELOPMENT_TEAM = T2MU43SWN2;
				FRAMEWORK_SEARCH_PATHS = "$(inherited)/**";
				INFOPLIST_FILE = caffeine/Info.plist;
				IPHONEOS_DEPLOYMENT_TARGET = 13.5;
				LD_RUNPATH_SEARCH_PATHS = "$(inherited) @executable_path/Frameworks";
				MARKETING_VERSION = 1.1.0;
				PRODUCT_BUNDLE_IDENTIFIER = org.cr0ss.caffeine;
				PRODUCT_NAME = "$(TARGET_NAME)";
				PROVISIONING_PROFILE = "";
				PROVISIONING_PROFILE_SPECIFIER = "match Development org.cr0ss.caffeine";
				SWIFT_VERSION = 5.0;
			};
			name = Debug;
		};
		602E64D31BAC1BDF00E25D52 /* Release */ = {
			isa = XCBuildConfiguration;
			baseConfigurationReference = 6943F8CA7228E6BA43EF1D52 /* Pods-caffeine.release.xcconfig */;
			buildSettings = {
				ALWAYS_EMBED_SWIFT_STANDARD_LIBRARIES = YES;
				ASSETCATALOG_COMPILER_APPICON_NAME = AppIcon;
				CODE_SIGN_ENTITLEMENTS = caffeine/caffeine.entitlements;
				CODE_SIGN_IDENTITY = "Apple Distribution: Simon Krüger (T2MU43SWN2)";
				CODE_SIGN_STYLE = Manual;
				CURRENT_PROJECT_VERSION = 1;
				DEVELOPMENT_TEAM = T2MU43SWN2;
				FRAMEWORK_SEARCH_PATHS = "$(inherited)/**";
				INFOPLIST_FILE = caffeine/Info.plist;
				IPHONEOS_DEPLOYMENT_TARGET = 13.5;
				LD_RUNPATH_SEARCH_PATHS = "$(inherited) @executable_path/Frameworks";
				MARKETING_VERSION = 1.1.0;
				PRODUCT_BUNDLE_IDENTIFIER = org.cr0ss.caffeine;
				PRODUCT_NAME = "$(TARGET_NAME)";
				PROVISIONING_PROFILE = "";
				PROVISIONING_PROFILE_SPECIFIER = "match AppStore org.cr0ss.caffeine";
				SWIFT_VERSION = 5.0;
			};
			name = Release;
		};
		6043D1C424BEDDA3002608EB /* Debug */ = {
			isa = XCBuildConfiguration;
			buildSettings = {
				BUNDLE_LOADER = "$(TEST_HOST)";
				CLANG_ANALYZER_NONNULL = YES;
				CLANG_ANALYZER_NUMBER_OBJECT_CONVERSION = YES_AGGRESSIVE;
				CLANG_CXX_LANGUAGE_STANDARD = "gnu++14";
				CLANG_ENABLE_OBJC_WEAK = YES;
				CLANG_WARN_DOCUMENTATION_COMMENTS = YES;
				CLANG_WARN_UNGUARDED_AVAILABILITY = YES_AGGRESSIVE;
				CODE_SIGN_STYLE = Automatic;
				DEVELOPMENT_TEAM = C5HCUYE57C;
				GCC_C_LANGUAGE_STANDARD = gnu11;
				INFOPLIST_FILE = caffeineTests/Info.plist;
				LD_RUNPATH_SEARCH_PATHS = "$(inherited) @executable_path/Frameworks @loader_path/Frameworks";
				MTL_ENABLE_DEBUG_INFO = INCLUDE_SOURCE;
				MTL_FAST_MATH = YES;
				PRODUCT_BUNDLE_IDENTIFIER = org.cr0ss.caffeineTests;
				PRODUCT_NAME = "$(TARGET_NAME)";
				SWIFT_ACTIVE_COMPILATION_CONDITIONS = DEBUG;
				SWIFT_VERSION = 5.0;
				TARGETED_DEVICE_FAMILY = "1,2";
				TEST_HOST = "$(BUILT_PRODUCTS_DIR)/caffeine.app/caffeine";
			};
			name = Debug;
		};
		6043D1C524BEDDA3002608EB /* Release */ = {
			isa = XCBuildConfiguration;
			buildSettings = {
				BUNDLE_LOADER = "$(TEST_HOST)";
				CLANG_ANALYZER_NONNULL = YES;
				CLANG_ANALYZER_NUMBER_OBJECT_CONVERSION = YES_AGGRESSIVE;
				CLANG_CXX_LANGUAGE_STANDARD = "gnu++14";
				CLANG_ENABLE_OBJC_WEAK = YES;
				CLANG_WARN_DOCUMENTATION_COMMENTS = YES;
				CLANG_WARN_UNGUARDED_AVAILABILITY = YES_AGGRESSIVE;
				CODE_SIGN_STYLE = Automatic;
				DEVELOPMENT_TEAM = C5HCUYE57C;
				GCC_C_LANGUAGE_STANDARD = gnu11;
				INFOPLIST_FILE = caffeineTests/Info.plist;
				LD_RUNPATH_SEARCH_PATHS = "$(inherited) @executable_path/Frameworks @loader_path/Frameworks";
				MTL_FAST_MATH = YES;
				PRODUCT_BUNDLE_IDENTIFIER = org.cr0ss.caffeineTests;
				PRODUCT_NAME = "$(TARGET_NAME)";
				SWIFT_VERSION = 5.0;
				TARGETED_DEVICE_FAMILY = "1,2";
				TEST_HOST = "$(BUILT_PRODUCTS_DIR)/caffeine.app/caffeine";
			};
			name = Release;
		};
		60BE64B224AF620D000F26C4 /* Debug */ = {
			isa = XCBuildConfiguration;
			buildSettings = {
				CLANG_ANALYZER_NONNULL = YES;
				CLANG_ANALYZER_NUMBER_OBJECT_CONVERSION = YES_AGGRESSIVE;
				CLANG_CXX_LANGUAGE_STANDARD = "gnu++14";
				CLANG_ENABLE_OBJC_WEAK = YES;
				CLANG_WARN_DOCUMENTATION_COMMENTS = YES;
				CLANG_WARN_UNGUARDED_AVAILABILITY = YES_AGGRESSIVE;
				CODE_SIGN_STYLE = Automatic;
				DEVELOPMENT_TEAM = C5HCUYE57C;
				GCC_C_LANGUAGE_STANDARD = gnu11;
				INFOPLIST_FILE = caffeineUITests/Info.plist;
				LD_RUNPATH_SEARCH_PATHS = "$(inherited) @executable_path/Frameworks @loader_path/Frameworks";
				MTL_ENABLE_DEBUG_INFO = INCLUDE_SOURCE;
				MTL_FAST_MATH = YES;
				PRODUCT_BUNDLE_IDENTIFIER = org.cr0ss.caffeineUITests;
				PRODUCT_NAME = "$(TARGET_NAME)";
				SWIFT_ACTIVE_COMPILATION_CONDITIONS = DEBUG;
				SWIFT_VERSION = 5.0;
				TARGETED_DEVICE_FAMILY = "1,2";
				TEST_TARGET_NAME = caffeine;
			};
			name = Debug;
		};
		60BE64B324AF620D000F26C4 /* Release */ = {
			isa = XCBuildConfiguration;
			buildSettings = {
				CLANG_ANALYZER_NONNULL = YES;
				CLANG_ANALYZER_NUMBER_OBJECT_CONVERSION = YES_AGGRESSIVE;
				CLANG_CXX_LANGUAGE_STANDARD = "gnu++14";
				CLANG_ENABLE_OBJC_WEAK = YES;
				CLANG_WARN_DOCUMENTATION_COMMENTS = YES;
				CLANG_WARN_UNGUARDED_AVAILABILITY = YES_AGGRESSIVE;
				CODE_SIGN_STYLE = Automatic;
				DEVELOPMENT_TEAM = C5HCUYE57C;
				GCC_C_LANGUAGE_STANDARD = gnu11;
				INFOPLIST_FILE = caffeineUITests/Info.plist;
				LD_RUNPATH_SEARCH_PATHS = "$(inherited) @executable_path/Frameworks @loader_path/Frameworks";
				MTL_FAST_MATH = YES;
				PRODUCT_BUNDLE_IDENTIFIER = org.cr0ss.caffeineUITests;
				PRODUCT_NAME = "$(TARGET_NAME)";
				SWIFT_VERSION = 5.0;
				TARGETED_DEVICE_FAMILY = "1,2";
				TEST_TARGET_NAME = caffeine;
			};
			name = Release;
		};
/* End XCBuildConfiguration section */

/* Begin XCConfigurationList section */
		602E64A21BAC1BDF00E25D52 /* Build configuration list for PBXProject "caffeine" */ = {
			isa = XCConfigurationList;
			buildConfigurations = (
				602E64CF1BAC1BDF00E25D52 /* Debug */,
				602E64D01BAC1BDF00E25D52 /* Release */,
			);
			defaultConfigurationIsVisible = 0;
			defaultConfigurationName = Release;
		};
		602E64D11BAC1BDF00E25D52 /* Build configuration list for PBXNativeTarget "caffeine" */ = {
			isa = XCConfigurationList;
			buildConfigurations = (
				602E64D21BAC1BDF00E25D52 /* Debug */,
				602E64D31BAC1BDF00E25D52 /* Release */,
			);
			defaultConfigurationIsVisible = 0;
			defaultConfigurationName = Release;
		};
		6043D1C324BEDDA3002608EB /* Build configuration list for PBXNativeTarget "caffeineTests" */ = {
			isa = XCConfigurationList;
			buildConfigurations = (
				6043D1C424BEDDA3002608EB /* Debug */,
				6043D1C524BEDDA3002608EB /* Release */,
			);
			defaultConfigurationIsVisible = 0;
			defaultConfigurationName = Release;
		};
		60BE64B424AF620D000F26C4 /* Build configuration list for PBXNativeTarget "caffeineUITests" */ = {
			isa = XCConfigurationList;
			buildConfigurations = (
				60BE64B224AF620D000F26C4 /* Debug */,
				60BE64B324AF620D000F26C4 /* Release */,
			);
			defaultConfigurationIsVisible = 0;
			defaultConfigurationName = Release;
		};
/* End XCConfigurationList section */

/* Begin XCVersionGroup section */
		60CA814424ADC39D00DDED35 /* Consumption.xcdatamodeld */ = {
			isa = XCVersionGroup;
			children = (
				60CA814524ADC39D00DDED35 /* Consumption.xcdatamodel */,
			);
			currentVersion = 60CA814524ADC39D00DDED35 /* Consumption.xcdatamodel */;
			path = Consumption.xcdatamodeld;
			sourceTree = "<group>";
			versionGroupType = wrapper.xcdatamodel;
		};
/* End XCVersionGroup section */
	};
	rootObject = 602E649F1BAC1BDF00E25D52 /* Project object */;
}
